
Microsoft Visual Studio Solution File, Format Version 12.00
# Visual Studio Version 17
VisualStudioVersion = 17.10.35027.167
MinimumVisualStudioVersion = 10.0.40219.1
Project("{2150E333-8FDC-42A3-9474-1A3956D46DE8}") = "Services", "Services", "{0EF1AFA1-0D81-4728-B508-A886A710B6F1}"
EndProject
Project("{2150E333-8FDC-42A3-9474-1A3956D46DE8}") = "Catalog", "Catalog", "{DCB779D6-A5D8-4D89-AEBF-9D0819B5205E}"
EndProject
Project("{9A19103F-16F7-4668-BE54-9A1E7A4F7556}") = "CatalogApi", "Services\Catalog\CatalogApi\CatalogApi.csproj", "{C1926437-62A5-4143-A216-B2DAC618A80F}"
EndProject
Project("{2150E333-8FDC-42A3-9474-1A3956D46DE8}") = "BuildingBlocks", "BuildingBlocks", "{D81A3453-A454-48C6-AFC6-D50C8D673E5C}"
EndProject
Project("{9A19103F-16F7-4668-BE54-9A1E7A4F7556}") = "BuildingBlocks", "BuildingBlocks\BuildingBlocks\BuildingBlocks.csproj", "{2C1A6618-9883-4691-88A4-1C0D62E7D29F}"
EndProject
Project("{2150E333-8FDC-42A3-9474-1A3956D46DE8}") = "Tests", "Tests", "{111F8824-359A-49F4-A260-C0DDE8EF19F9}"
EndProject
Project("{9A19103F-16F7-4668-BE54-9A1E7A4F7556}") = "CatalogApi.Test", "CatalogApi.Test\CatalogApi.Test.csproj", "{543A51AC-FC9C-41D8-A428-669C8C3303C2}"
EndProject
Project("{E53339B2-1760-4266-BCC7-CA923CBCF16C}") = "docker-compose", "docker-compose.dcproj", "{AAFF054F-5E28-43C9-857D-1DE4B94C3373}"
EndProject
Global
	GlobalSection(SolutionConfigurationPlatforms) = preSolution
		Debug|Any CPU = Debug|Any CPU
		Release|Any CPU = Release|Any CPU
	EndGlobalSection
	GlobalSection(ProjectConfigurationPlatforms) = postSolution
		{C1926437-62A5-4143-A216-B2DAC618A80F}.Debug|Any CPU.ActiveCfg = Debug|Any CPU
		{C1926437-62A5-4143-A216-B2DAC618A80F}.Debug|Any CPU.Build.0 = Debug|Any CPU
		{C1926437-62A5-4143-A216-B2DAC618A80F}.Release|Any CPU.ActiveCfg = Release|Any CPU
		{C1926437-62A5-4143-A216-B2DAC618A80F}.Release|Any CPU.Build.0 = Release|Any CPU
		{2C1A6618-9883-4691-88A4-1C0D62E7D29F}.Debug|Any CPU.ActiveCfg = Debug|Any CPU
		{2C1A6618-9883-4691-88A4-1C0D62E7D29F}.Debug|Any CPU.Build.0 = Debug|Any CPU
		{2C1A6618-9883-4691-88A4-1C0D62E7D29F}.Release|Any CPU.ActiveCfg = Release|Any CPU
		{2C1A6618-9883-4691-88A4-1C0D62E7D29F}.Release|Any CPU.Build.0 = Release|Any CPU
		{543A51AC-FC9C-41D8-A428-669C8C3303C2}.Debug|Any CPU.ActiveCfg = Debug|Any CPU
		{543A51AC-FC9C-41D8-A428-669C8C3303C2}.Debug|Any CPU.Build.0 = Debug|Any CPU
		{543A51AC-FC9C-41D8-A428-669C8C3303C2}.Release|Any CPU.ActiveCfg = Release|Any CPU
		{543A51AC-FC9C-41D8-A428-669C8C3303C2}.Release|Any CPU.Build.0 = Release|Any CPU
		{AAFF054F-5E28-43C9-857D-1DE4B94C3373}.Debug|Any CPU.ActiveCfg = Debug|Any CPU
		{AAFF054F-5E28-43C9-857D-1DE4B94C3373}.Debug|Any CPU.Build.0 = Debug|Any CPU
		{AAFF054F-5E28-43C9-857D-1DE4B94C3373}.Release|Any CPU.ActiveCfg = Release|Any CPU
		{AAFF054F-5E28-43C9-857D-1DE4B94C3373}.Release|Any CPU.Build.0 = Release|Any CPU
	EndGlobalSection
	GlobalSection(SolutionProperties) = preSolution
		HideSolutionNode = FALSE
	EndGlobalSection
	GlobalSection(NestedProjects) = preSolution
		{DCB779D6-A5D8-4D89-AEBF-9D0819B5205E} = {0EF1AFA1-0D81-4728-B508-A886A710B6F1}
		{C1926437-62A5-4143-A216-B2DAC618A80F} = {DCB779D6-A5D8-4D89-AEBF-9D0819B5205E}
		{2C1A6618-9883-4691-88A4-1C0D62E7D29F} = {D81A3453-A454-48C6-AFC6-D50C8D673E5C}
		{111F8824-359A-49F4-A260-C0DDE8EF19F9} = {DCB779D6-A5D8-4D89-AEBF-9D0819B5205E}
		{543A51AC-FC9C-41D8-A428-669C8C3303C2} = {111F8824-359A-49F4-A260-C0DDE8EF19F9}
	EndGlobalSection
	GlobalSection(ExtensibilityGlobals) = postSolution
		SolutionGuid = {BA79AC87-2C86-4FB2-ACA1-E1F410053E79}
	EndGlobalSection
EndGlobal
